
Microsoft Visual Studio Solution File, Format Version 12.00
# Visual Studio 15
VisualStudioVersion = 15.0.28307.421
MinimumVisualStudioVersion = 10.0.40219.1
Project("{FAE04EC0-301F-11D3-BF4B-00C04F79EFBC}") = "BourbonAndBurial", "BourbonAndBurial\BourbonAndBurial.csproj", "{741A0922-6B5A-4C93-9B85-6F1FD500ACF3}"
EndProject
Global
	GlobalSection(SolutionConfigurationPlatforms) = preSolution
		Debug|Any CPU = Debug|Any CPU
		Release|Any CPU = Release|Any CPU
	EndGlobalSection
	GlobalSection(ProjectConfigurationPlatforms) = postSolution
		{741A0922-6B5A-4C93-9B85-6F1FD500ACF3}.Debug|Any CPU.ActiveCfg = Debug|Any CPU
		{741A0922-6B5A-4C93-9B85-6F1FD500ACF3}.Debug|Any CPU.Build.0 = Debug|Any CPU
		{741A0922-6B5A-4C93-9B85-6F1FD500ACF3}.Release|Any CPU.ActiveCfg = Release|Any CPU
		{741A0922-6B5A-4C93-9B85-6F1FD500ACF3}.Release|Any CPU.Build.0 = Release|Any CPU
	EndGlobalSection
	GlobalSection(SolutionProperties) = preSolution
		HideSolutionNode = FALSE
	EndGlobalSection
	GlobalSection(ExtensibilityGlobals) = postSolution
		SolutionGuid = {C2EFD22E-E9D3-4BC2-92A6-1DD6EA037ADB}
	EndGlobalSection
EndGlobal
